
Microsoft Visual Studio Solution File, Format Version 12.00
# Visual Studio 15
VisualStudioVersion = 15.0.28307.645
MinimumVisualStudioVersion = 10.0.40219.1
Project("{FAE04EC0-301F-11D3-BF4B-00C04F79EFBC}") = "LifeChoices", "LifeChoices\LifeChoices.csproj", "{BB849927-70F2-4095-8B00-8033714C0EFF}"
EndProject
Project("{FAE04EC0-301F-11D3-BF4B-00C04F79EFBC}") = "GameOfLifeLib", "GameOfLifeLib\GameOfLifeLib.csproj", "{B8BBC3CA-C725-4159-8E8D-947E0BBAA353}"
EndProject
Global
	GlobalSection(SolutionConfigurationPlatforms) = preSolution
		Debug|Any CPU = Debug|Any CPU
		Release|Any CPU = Release|Any CPU
	EndGlobalSection
	GlobalSection(ProjectConfigurationPlatforms) = postSolution
		{BB849927-70F2-4095-8B00-8033714C0EFF}.Debug|Any CPU.ActiveCfg = Debug|Any CPU
		{BB849927-70F2-4095-8B00-8033714C0EFF}.Debug|Any CPU.Build.0 = Debug|Any CPU
		{BB849927-70F2-4095-8B00-8033714C0EFF}.Release|Any CPU.ActiveCfg = Release|Any CPU
		{BB849927-70F2-4095-8B00-8033714C0EFF}.Release|Any CPU.Build.0 = Release|Any CPU
		{B8BBC3CA-C725-4159-8E8D-947E0BBAA353}.Debug|Any CPU.ActiveCfg = Debug|Any CPU
		{B8BBC3CA-C725-4159-8E8D-947E0BBAA353}.Debug|Any CPU.Build.0 = Debug|Any CPU
		{B8BBC3CA-C725-4159-8E8D-947E0BBAA353}.Release|Any CPU.ActiveCfg = Release|Any CPU
		{B8BBC3CA-C725-4159-8E8D-947E0BBAA353}.Release|Any CPU.Build.0 = Release|Any CPU
	EndGlobalSection
	GlobalSection(SolutionProperties) = preSolution
		HideSolutionNode = FALSE
	EndGlobalSection
	GlobalSection(ExtensibilityGlobals) = postSolution
		SolutionGuid = {FA927DE8-D6EC-4778-9456-44F5A7DF46B7}
	EndGlobalSection
EndGlobal
